// !$*UTF8*$!
{
	archiveVersion = 1;
	classes = {
	};
	objectVersion = 52;
	objects = {

/* Begin PBXBuildFile section */
		A4151F30168799BA00B2B43A /* network.lua in Sources */ = {isa = PBXBuildFile; fileRef = A4151F2E1687988900B2B43A /* network.lua */; };
		A42BD5421686C7B000DC652D /* AppleNetworkRequest.mm in Sources */ = {isa = PBXBuildFile; fileRef = A42BD53D1686C7B000DC652D /* AppleNetworkRequest.mm */; };
		A42BD5431686C7B000DC652D /* AppleNetworkSupport.mm in Sources */ = {isa = PBXBuildFile; fileRef = A42BD53F1686C7B000DC652D /* AppleNetworkSupport.mm */; };
		A42BD5441686C7B000DC652D /* NetworkLibrary.mm in Sources */ = {isa = PBXBuildFile; fileRef = A42BD5411686C7B000DC652D /* NetworkLibrary.mm */; };
		C4D49A7F16B6FAFD0009D268 /* AppleReachability.mm in Sources */ = {isa = PBXBuildFile; fileRef = C4D49A7C16B6FAFD0009D268 /* AppleReachability.mm */; };
		C4D49A8016B6FAFD0009D268 /* PlatformReachability.mm in Sources */ = {isa = PBXBuildFile; fileRef = C4D49A7D16B6FAFD0009D268 /* PlatformReachability.mm */; };
		C4D49A8416B70D9C0009D268 /* DdgReachability.m in Sources */ = {isa = PBXBuildFile; fileRef = C4D49A8316B70D9C0009D268 /* DdgReachability.m */; };
		C4EE2024167F195000820DC7 /* UIKit.framework in Frameworks */ = {isa = PBXBuildFile; fileRef = C4EE2023167F195000820DC7 /* UIKit.framework */; };
		C4EE2026167F195F00820DC7 /* QuartzCore.framework in Frameworks */ = {isa = PBXBuildFile; fileRef = C4EE2025167F195F00820DC7 /* QuartzCore.framework */; };
/* End PBXBuildFile section */

/* Begin PBXBuildRule section */
		A4151F2C168795B200B2B43A /* PBXBuildRule */ = {
			isa = PBXBuildRule;
			compilerSpec = com.apple.compilers.proxy.script;
			filePatterns = "*.lua";
			fileType = pattern.proxy;
			inputFiles = (
			);
			isEditable = 1;
			outputFiles = (
				"$TARGET_TEMP_DIR/$(INPUT_FILE_BASE).c",
			);
			runOncePerArchitecture = 0;
			script = "CORONA_DIR=$SRCROOT/CoronaEnterprise/Corona\nCORONA_MAC_BIN_DIR=$CORONA_DIR/mac/bin\nif [ ! -d \"$CORONA_MAC_BIN_DIR\" ] && [ -d \"$SRCROOT/../../../bin/mac/\" ]\nthen\n\tCORONA_MAC_BIN_DIR=$SRCROOT/../../../bin/mac\nfi\n\nif [ -e \"$CORONA_MAC_BIN_DIR/lua\" ]; then\n    LUA_DIR=$CORONA_MAC_BIN_DIR/lua\nelse\n    echo \"Could not find proper 32-bit lua build in: $CORONA_MAC_BIN_DIR/lua\"\n    exit 1\nfi\n\necho $CORONA_MAC_BIN_DIR/lua2c.sh $INPUT_FILE_PATH $TARGET_TEMP_DIR $CONFIGURATION\n\"$CORONA_MAC_BIN_DIR/lua2c.sh\" \"$INPUT_FILE_PATH\" \"$TARGET_TEMP_DIR\" \"$CONFIGURATION\" \"$CORONA_MAC_BIN_DIR\"\n";
		};
/* End PBXBuildRule section */

/* Begin PBXCopyFilesBuildPhase section */
		A4E253B4166D6FB300DCDC2C /* CopyFiles */ = {
			isa = PBXCopyFilesBuildPhase;
			buildActionMask = 2147483647;
			dstPath = "include/${PRODUCT_NAME}";
			dstSubfolderSpec = 16;
			files = (
			);
			runOnlyForDeploymentPostprocessing = 0;
		};
/* End PBXCopyFilesBuildPhase section */

/* Begin PBXFileReference section */
		A4151F2E1687988900B2B43A /* network.lua */ = {isa = PBXFileReference; fileEncoding = 4; lastKnownFileType = text; name = network.lua; path = ../shared/network.lua; sourceTree = "<group>"; usesTabs = 1; };
		A42BD53C1686C7B000DC652D /* AppleNetworkRequest.h */ = {isa = PBXFileReference; fileEncoding = 4; lastKnownFileType = sourcecode.c.h; name = AppleNetworkRequest.h; path = ../apple/AppleNetworkRequest.h; sourceTree = "<group>"; };
		A42BD53D1686C7B000DC652D /* AppleNetworkRequest.mm */ = {isa = PBXFileReference; fileEncoding = 4; lastKnownFileType = sourcecode.cpp.objcpp; name = AppleNetworkRequest.mm; path = ../apple/AppleNetworkRequest.mm; sourceTree = "<group>"; usesTabs = 1; };
		A42BD53E1686C7B000DC652D /* AppleNetworkSupport.h */ = {isa = PBXFileReference; fileEncoding = 4; lastKnownFileType = sourcecode.c.h; name = AppleNetworkSupport.h; path = ../apple/AppleNetworkSupport.h; sourceTree = "<group>"; };
		A42BD53F1686C7B000DC652D /* AppleNetworkSupport.mm */ = {isa = PBXFileReference; fileEncoding = 4; lastKnownFileType = sourcecode.cpp.objcpp; name = AppleNetworkSupport.mm; path = ../apple/AppleNetworkSupport.mm; sourceTree = "<group>"; usesTabs = 1; };
		A42BD5401686C7B000DC652D /* NetworkLibrary.h */ = {isa = PBXFileReference; fileEncoding = 4; lastKnownFileType = sourcecode.c.h; name = NetworkLibrary.h; path = ../apple/NetworkLibrary.h; sourceTree = "<group>"; };
		A42BD5411686C7B000DC652D /* NetworkLibrary.mm */ = {isa = PBXFileReference; fileEncoding = 4; lastKnownFileType = sourcecode.cpp.objcpp; name = NetworkLibrary.mm; path = ../apple/NetworkLibrary.mm; sourceTree = "<group>"; usesTabs = 1; };
		A4E253B6166D6FB300DCDC2C /* libNetworkPlugin.a */ = {isa = PBXFileReference; explicitFileType = archive.ar; includeInIndex = 0; path = libNetworkPlugin.a; sourceTree = BUILT_PRODUCTS_DIR; };
		C4D49A7B16B6FAFD0009D268 /* AppleReachability.h */ = {isa = PBXFileReference; fileEncoding = 4; lastKnownFileType = sourcecode.c.h; name = AppleReachability.h; path = ../apple/AppleReachability.h; sourceTree = "<group>"; usesTabs = 1; };
		C4D49A7C16B6FAFD0009D268 /* AppleReachability.mm */ = {isa = PBXFileReference; fileEncoding = 4; lastKnownFileType = sourcecode.cpp.objcpp; name = AppleReachability.mm; path = ../apple/AppleReachability.mm; sourceTree = "<group>"; usesTabs = 1; };
		C4D49A7D16B6FAFD0009D268 /* PlatformReachability.mm */ = {isa = PBXFileReference; fileEncoding = 4; lastKnownFileType = sourcecode.cpp.objcpp; name = PlatformReachability.mm; path = ../apple/PlatformReachability.mm; sourceTree = "<group>"; usesTabs = 1; };
		C4D49A7E16B6FAFD0009D268 /* PlatformReachability.h */ = {isa = PBXFileReference; fileEncoding = 4; lastKnownFileType = sourcecode.c.h; name = PlatformReachability.h; path = ../apple/PlatformReachability.h; sourceTree = "<group>"; usesTabs = 1; };
		C4D49A8216B70D9C0009D268 /* DdgReachability.h */ = {isa = PBXFileReference; fileEncoding = 4; lastKnownFileType = sourcecode.c.h; name = DdgReachability.h; path = ../apple/DdgReachability.h; sourceTree = "<group>"; };
		C4D49A8316B70D9C0009D268 /* DdgReachability.m */ = {isa = PBXFileReference; fileEncoding = 4; lastKnownFileType = sourcecode.c.objc; name = DdgReachability.m; path = ../apple/DdgReachability.m; sourceTree = "<group>"; };
		C4EE2023167F195000820DC7 /* UIKit.framework */ = {isa = PBXFileReference; lastKnownFileType = wrapper.framework; name = UIKit.framework; path = /Applications/Xcode.app/Contents/Developer/Platforms/iPhoneOS.platform/Developer/SDKs/iPhoneOS6.0.sdk/System/Library/Frameworks/UIKit.framework; sourceTree = "<absolute>"; };
		C4EE2025167F195F00820DC7 /* QuartzCore.framework */ = {isa = PBXFileReference; lastKnownFileType = wrapper.framework; name = QuartzCore.framework; path = /Applications/Xcode.app/Contents/Developer/Platforms/iPhoneOS.platform/Developer/SDKs/iPhoneOS6.0.sdk/System/Library/Frameworks/QuartzCore.framework; sourceTree = "<absolute>"; };
/* End PBXFileReference section */

/* Begin PBXFrameworksBuildPhase section */
		A4E253B3166D6FB300DCDC2C /* Frameworks */ = {
			isa = PBXFrameworksBuildPhase;
			buildActionMask = 2147483647;
			files = (
				C4EE2024167F195000820DC7 /* UIKit.framework in Frameworks */,
				C4EE2026167F195F00820DC7 /* QuartzCore.framework in Frameworks */,
			);
			runOnlyForDeploymentPostprocessing = 0;
		};
/* End PBXFrameworksBuildPhase section */

/* Begin PBXGroup section */
		A4151F2F1687988F00B2B43A /* shared */ = {
			isa = PBXGroup;
			children = (
				A4151F2E1687988900B2B43A /* network.lua */,
			);
			name = shared;
			sourceTree = "<group>";
		};
		A447B609165D72A6009EA762 /* apple */ = {
			isa = PBXGroup;
			children = (
				C4D49A8216B70D9C0009D268 /* DdgReachability.h */,
				C4D49A8316B70D9C0009D268 /* DdgReachability.m */,
				C4D49A7B16B6FAFD0009D268 /* AppleReachability.h */,
				C4D49A7C16B6FAFD0009D268 /* AppleReachability.mm */,
				C4D49A7D16B6FAFD0009D268 /* PlatformReachability.mm */,
				C4D49A7E16B6FAFD0009D268 /* PlatformReachability.h */,
				A42BD53C1686C7B000DC652D /* AppleNetworkRequest.h */,
				A42BD53D1686C7B000DC652D /* AppleNetworkRequest.mm */,
				A42BD53E1686C7B000DC652D /* AppleNetworkSupport.h */,
				A42BD53F1686C7B000DC652D /* AppleNetworkSupport.mm */,
				A42BD5401686C7B000DC652D /* NetworkLibrary.h */,
				A42BD5411686C7B000DC652D /* NetworkLibrary.mm */,
			);
			name = apple;
			sourceTree = "<group>";
		};
		A484110E15114F700074BD57 = {
			isa = PBXGroup;
			children = (
				A4151F2F1687988F00B2B43A /* shared */,
				A447B609165D72A6009EA762 /* apple */,
				C4EE201E167F165A00820DC7 /* Frameworks */,
				A484111A15114F700074BD57 /* Products */,
			);
			sourceTree = "<group>";
		};
		A484111A15114F700074BD57 /* Products */ = {
			isa = PBXGroup;
			children = (
				A4E253B6166D6FB300DCDC2C /* libNetworkPlugin.a */,
			);
			name = Products;
			sourceTree = "<group>";
		};
		C4EE201E167F165A00820DC7 /* Frameworks */ = {
			isa = PBXGroup;
			children = (
				C4EE2025167F195F00820DC7 /* QuartzCore.framework */,
				C4EE2023167F195000820DC7 /* UIKit.framework */,
			);
			name = Frameworks;
			sourceTree = "<group>";
		};
/* End PBXGroup section */

/* Begin PBXNativeTarget section */
		A4E253B5166D6FB300DCDC2C /* NetworkPlugin */ = {
			isa = PBXNativeTarget;
			buildConfigurationList = A4E253BF166D6FB300DCDC2C /* Build configuration list for PBXNativeTarget "NetworkPlugin" */;
			buildPhases = (
				A4E253B2166D6FB300DCDC2C /* Sources */,
				A4E253B3166D6FB300DCDC2C /* Frameworks */,
				A4E253B4166D6FB300DCDC2C /* CopyFiles */,
			);
			buildRules = (
				A4151F2C168795B200B2B43A /* PBXBuildRule */,
			);
			dependencies = (
			);
			name = NetworkPlugin;
			productName = plugin_library;
			productReference = A4E253B6166D6FB300DCDC2C /* libNetworkPlugin.a */;
			productType = "com.apple.product-type.library.static";
		};
/* End PBXNativeTarget section */

/* Begin PBXProject section */
		A484111015114F700074BD57 /* Project object */ = {
			isa = PBXProject;
			attributes = {
				LastUpgradeCheck = 0420;
			};
			buildConfigurationList = A484111315114F700074BD57 /* Build configuration list for PBXProject "NetworkPlugin" */;
			compatibilityVersion = "Xcode 3.2";
			developmentRegion = English;
			hasScannedForEncodings = 0;
			knownRegions = (
				English,
				en,
			);
			mainGroup = A484110E15114F700074BD57;
			productRefGroup = A484111A15114F700074BD57 /* Products */;
			projectDirPath = "";
			projectRoot = "";
			targets = (
				A4E253B5166D6FB300DCDC2C /* NetworkPlugin */,
			);
		};
/* End PBXProject section */

/* Begin PBXSourcesBuildPhase section */
		A4E253B2166D6FB300DCDC2C /* Sources */ = {
			isa = PBXSourcesBuildPhase;
			buildActionMask = 2147483647;
			files = (
				A4151F30168799BA00B2B43A /* network.lua in Sources */,
				A42BD5421686C7B000DC652D /* AppleNetworkRequest.mm in Sources */,
				A42BD5431686C7B000DC652D /* AppleNetworkSupport.mm in Sources */,
				A42BD5441686C7B000DC652D /* NetworkLibrary.mm in Sources */,
				C4D49A7F16B6FAFD0009D268 /* AppleReachability.mm in Sources */,
				C4D49A8016B6FAFD0009D268 /* PlatformReachability.mm in Sources */,
				C4D49A8416B70D9C0009D268 /* DdgReachability.m in Sources */,
			);
			runOnlyForDeploymentPostprocessing = 0;
		};
/* End PBXSourcesBuildPhase section */

/* Begin XCBuildConfiguration section */
		A484114015114F700074BD57 /* Debug */ = {
			isa = XCBuildConfiguration;
			buildSettings = {
				ALWAYS_SEARCH_USER_PATHS = NO;
				"CODE_SIGN_IDENTITY[sdk=iphoneos*]" = "iPhone Developer";
				COPY_PHASE_STRIP = NO;
				GCC_C_LANGUAGE_STANDARD = gnu99;
				GCC_DYNAMIC_NO_PIC = NO;
				GCC_OPTIMIZATION_LEVEL = 0;
				GCC_PREPROCESSOR_DEFINITIONS = (
					"DEBUG=1",
					"$(inherited)",
				);
				GCC_SYMBOLS_PRIVATE_EXTERN = NO;
				GCC_VERSION = com.apple.compilers.llvm.clang.1_0;
				GCC_WARN_ABOUT_MISSING_PROTOTYPES = YES;
				GCC_WARN_ABOUT_RETURN_TYPE = YES;
				GCC_WARN_UNUSED_VARIABLE = YES;
				IPHONEOS_DEPLOYMENT_TARGET = 6.0;
				SDKROOT = iphoneos;
				TARGETED_DEVICE_FAMILY = "1,2";
				USER_HEADER_SEARCH_PATHS = (
					"${SRCROOT}/CoronaEnterprise/Corona/shared/include/Corona",
					"${SRCROOT}/CoronaEnterprise/Corona/shared/include/lua",
					"${SRCROOT}/CoronaEnterprise/Corona/ios/include/Corona",
					"${SRCROOT}/../../../platform/iphone/Corona",
					"${SRCROOT}/../../../librtt/Corona",
					"${SRCROOT}/../../../external/lua-5.1.3/src",
				);
			};
			name = Debug;
		};
		A484114115114F700074BD57 /* Release */ = {
			isa = XCBuildConfiguration;
			buildSettings = {
				ALWAYS_SEARCH_USER_PATHS = NO;
				"CODE_SIGN_IDENTITY[sdk=iphoneos*]" = "iPhone Developer";
				COPY_PHASE_STRIP = YES;
				GCC_C_LANGUAGE_STANDARD = gnu99;
				GCC_VERSION = com.apple.compilers.llvm.clang.1_0;
				GCC_WARN_ABOUT_MISSING_PROTOTYPES = YES;
				GCC_WARN_ABOUT_RETURN_TYPE = YES;
				GCC_WARN_UNUSED_VARIABLE = YES;
				IPHONEOS_DEPLOYMENT_TARGET = 6.0;
				OTHER_CFLAGS = "-DNS_BLOCK_ASSERTIONS=1";
				SDKROOT = iphoneos;
				TARGETED_DEVICE_FAMILY = "1,2";
				USER_HEADER_SEARCH_PATHS = (
					"${SRCROOT}/CoronaEnterprise/Corona/shared/include/Corona",
					"${SRCROOT}/CoronaEnterprise/Corona/shared/include/lua",
					"${SRCROOT}/CoronaEnterprise/Corona/ios/include/Corona",
					"${SRCROOT}/../../../platform/iphone/Corona",
					"${SRCROOT}/../../../librtt/Corona",
					"${SRCROOT}/../../../external/lua-5.1.3/src",
				);
				VALIDATE_PRODUCT = YES;
			};
			name = Release;
		};
		A4E253C0166D6FB300DCDC2C /* Debug */ = {
			isa = XCBuildConfiguration;
			buildSettings = {
				CLANG_WARN_EMPTY_BODY = YES;
				CLANG_WARN__DUPLICATE_METHOD_MATCH = YES;
				FRAMEWORK_SEARCH_PATHS = (
					"$(inherited)",
					"\"$(SRCROOT)\"",
				);
				GCC_PRECOMPILE_PREFIX_HEADER = NO;
				GCC_WARN_UNINITIALIZED_AUTOS = YES;
				OTHER_LDFLAGS = "-ObjC";
				PRODUCT_NAME = "$(TARGET_NAME)";
				SKIP_INSTALL = YES;
			};
			name = Debug;
		};
		A4E253C1166D6FB300DCDC2C /* Release */ = {
			isa = XCBuildConfiguration;
			buildSettings = {
				CLANG_WARN_EMPTY_BODY = YES;
				CLANG_WARN__DUPLICATE_METHOD_MATCH = YES;
				"EXCLUDED_ARCHS[sdk=iphonesimulator*]" = arm64;
				FRAMEWORK_SEARCH_PATHS = (
					"$(inherited)",
					"\"$(SRCROOT)\"",
				);
				GCC_PRECOMPILE_PREFIX_HEADER = NO;
				GCC_WARN_UNINITIALIZED_AUTOS = YES;
				OTHER_LDFLAGS = "-ObjC";
				PRODUCT_NAME = "$(TARGET_NAME)";
				SKIP_INSTALL = YES;
			};
			name = Release;
		};
/* End XCBuildConfiguration section */

/* Begin XCConfigurationList section */
		A484111315114F700074BD57 /* Build configuration list for PBXProject "NetworkPlugin" */ = {
			isa = XCConfigurationList;
			buildConfigurations = (
				A484114015114F700074BD57 /* Debug */,
				A484114115114F700074BD57 /* Release */,
			);
			defaultConfigurationIsVisible = 0;
			defaultConfigurationName = Release;
		};
		A4E253BF166D6FB300DCDC2C /* Build configuration list for PBXNativeTarget "NetworkPlugin" */ = {
			isa = XCConfigurationList;
			buildConfigurations = (
				A4E253C0166D6FB300DCDC2C /* Debug */,
				A4E253C1166D6FB300DCDC2C /* Release */,
			);
			defaultConfigurationIsVisible = 0;
			defaultConfigurationName = Release;
		};
/* End XCConfigurationList section */
	};
	rootObject = A484111015114F700074BD57 /* Project object */;
}
